
Microsoft Visual Studio Solution File, Format Version 12.00
# Visual Studio Version 17
VisualStudioVersion = 17.9.34728.123
MinimumVisualStudioVersion = 10.0.40219.1
Project("{FAE04EC0-301F-11D3-BF4B-00C04F79EFBC}") = "stringsquestionmark", "stringsquestionmark.csproj", "{9FA78B38-AEF3-41CF-A1AF-189FD747DA2A}"
EndProject
Global
	GlobalSection(SolutionConfigurationPlatforms) = preSolution
		Debug|Any CPU = Debug|Any CPU
		Release|Any CPU = Release|Any CPU
	EndGlobalSection
	GlobalSection(ProjectConfigurationPlatforms) = postSolution
		{9FA78B38-AEF3-41CF-A1AF-189FD747DA2A}.Debug|Any CPU.ActiveCfg = Debug|Any CPU
		{9FA78B38-AEF3-41CF-A1AF-189FD747DA2A}.Debug|Any CPU.Build.0 = Debug|Any CPU
		{9FA78B38-AEF3-41CF-A1AF-189FD747DA2A}.Release|Any CPU.ActiveCfg = Release|Any CPU
		{9FA78B38-AEF3-41CF-A1AF-189FD747DA2A}.Release|Any CPU.Build.0 = Release|Any CPU
	EndGlobalSection
	GlobalSection(SolutionProperties) = preSolution
		HideSolutionNode = FALSE
	EndGlobalSection
	GlobalSection(ExtensibilityGlobals) = postSolution
		SolutionGuid = {812D4995-88DB-480D-AE55-B6499BEE8262}
	EndGlobalSection
EndGlobal
